
Microsoft Visual Studio Solution File, Format Version 12.00
# Visual Studio Version 16
VisualStudioVersion = 16.0.810.23
MinimumVisualStudioVersion = 10.0.40219.1
Project("{FAE04EC0-301F-11D3-BF4B-00C04F79EFBC}") = "dotnet6", "dotnet6.csproj", "{27380D46-A151-4827-B38E-B6DFC0681758}"
EndProject
Global
	GlobalSection(SolutionConfigurationPlatforms) = preSolution
		Debug|Any CPU = Debug|Any CPU
		Release|Any CPU = Release|Any CPU
	EndGlobalSection
	GlobalSection(ProjectConfigurationPlatforms) = postSolution
		{27380D46-A151-4827-B38E-B6DFC0681758}.Debug|Any CPU.ActiveCfg = Debug|Any CPU
		{27380D46-A151-4827-B38E-B6DFC0681758}.Debug|Any CPU.Build.0 = Debug|Any CPU
		{27380D46-A151-4827-B38E-B6DFC0681758}.Release|Any CPU.ActiveCfg = Release|Any CPU
		{27380D46-A151-4827-B38E-B6DFC0681758}.Release|Any CPU.Build.0 = Release|Any CPU
	EndGlobalSection
	GlobalSection(SolutionProperties) = preSolution
		HideSolutionNode = FALSE
	EndGlobalSection
	GlobalSection(ExtensibilityGlobals) = postSolution
		SolutionGuid = {4BC35FE6-75F9-4720-B7EB-01D71C4B4C3C}
	EndGlobalSection
EndGlobal
